
Microsoft Visual Studio Solution File, Format Version 12.00
# Visual Studio Version 17
VisualStudioVersion = 17.4.33122.133
MinimumVisualStudioVersion = 10.0.40219.1
Project("{8BC9CEB8-8B4A-11D0-8D11-00A0C91BC942}") = "Data Structure", "Data Structure.vcxproj", "{CD2BCD7D-ACC7-4479-B9D4-914110F17A40}"
EndProject
Global
	GlobalSection(SolutionConfigurationPlatforms) = preSolution
		Debug|x64 = Debug|x64
		Debug|x86 = Debug|x86
		Release|x64 = Release|x64
		Release|x86 = Release|x86
	EndGlobalSection
	GlobalSection(ProjectConfigurationPlatforms) = postSolution
		{CD2BCD7D-ACC7-4479-B9D4-914110F17A40}.Debug|x64.ActiveCfg = Debug|x64
		{CD2BCD7D-ACC7-4479-B9D4-914110F17A40}.Debug|x64.Build.0 = Debug|x64
		{CD2BCD7D-ACC7-4479-B9D4-914110F17A40}.Debug|x86.ActiveCfg = Debug|Win32
		{CD2BCD7D-ACC7-4479-B9D4-914110F17A40}.Debug|x86.Build.0 = Debug|Win32
		{CD2BCD7D-ACC7-4479-B9D4-914110F17A40}.Release|x64.ActiveCfg = Release|x64
		{CD2BCD7D-ACC7-4479-B9D4-914110F17A40}.Release|x64.Build.0 = Release|x64
		{CD2BCD7D-ACC7-4479-B9D4-914110F17A40}.Release|x86.ActiveCfg = Release|Win32
		{CD2BCD7D-ACC7-4479-B9D4-914110F17A40}.Release|x86.Build.0 = Release|Win32
	EndGlobalSection
	GlobalSection(SolutionProperties) = preSolution
		HideSolutionNode = FALSE
	EndGlobalSection
	GlobalSection(ExtensibilityGlobals) = postSolution
		SolutionGuid = {157D273C-E62C-4F63-8881-7322155A17ED}
	EndGlobalSection
EndGlobal
